// !$*UTF8*$!
{
	archiveVersion = 1;
	classes = {
	};
	objectVersion = 77;
	objects = {

/* Begin PBXContainerItemProxy section */
		14F154CD2E4C3FD700294A1E /* PBXContainerItemProxy */ = {
			isa = PBXContainerItemProxy;
			containerPortal = 14F154AE2E4C3FD500294A1E /* Project object */;
			proxyType = 1;
			remoteGlobalIDString = 14F154B52E4C3FD500294A1E;
			remoteInfo = sportsFluct;
		};
		14F154D72E4C3FD700294A1E /* PBXContainerItemProxy */ = {
			isa = PBXContainerItemProxy;
			containerPortal = 14F154AE2E4C3FD500294A1E /* Project object */;
			proxyType = 1;
			remoteGlobalIDString = 14F154B52E4C3FD500294A1E;
			remoteInfo = sportsFluct;
		};
/* End PBXContainerItemProxy section */

/* Begin PBXFileReference section */
		14F154B62E4C3FD500294A1E /* sportsFluct.app */ = {isa = PBXFileReference; explicitFileType = wrapper.application; includeInIndex = 0; path = sportsFluct.app; sourceTree = BUILT_PRODUCTS_DIR; };
		14F154CC2E4C3FD700294A1E /* sportsFluctTests.xctest */ = {isa = PBXFileReference; explicitFileType = wrapper.cfbundle; includeInIndex = 0; path = sportsFluctTests.xctest; sourceTree = BUILT_PRODUCTS_DIR; };
		14F154D62E4C3FD700294A1E /* sportsFluctUITests.xctest */ = {isa = PBXFileReference; explicitFileType = wrapper.cfbundle; includeInIndex = 0; path = sportsFluctUITests.xctest; sourceTree = BUILT_PRODUCTS_DIR; };
/* End PBXFileReference section */

/* Begin PBXFileSystemSynchronizedBuildFileExceptionSet section */
		14F154DE2E4C3FD700294A1E /* Exceptions for "sportsFluct" folder in "sportsFluct" target */ = {
			isa = PBXFileSystemSynchronizedBuildFileExceptionSet;
			membershipExceptions = (
				Info.plist,
			);
			target = 14F154B52E4C3FD500294A1E /* sportsFluct */;
		};
/* End PBXFileSystemSynchronizedBuildFileExceptionSet section */

/* Begin PBXFileSystemSynchronizedRootGroup section */
		14F154B82E4C3FD500294A1E /* sportsFluct */ = {
			isa = PBXFileSystemSynchronizedRootGroup;
			exceptions = (
				14F154DE2E4C3FD700294A1E /* Exceptions for "sportsFluct" folder in "sportsFluct" target */,
			);
			path = sportsFluct;
			sourceTree = "<group>";
		};
		14F154CF2E4C3FD700294A1E /* sportsFluctTests */ = {
			isa = PBXFileSystemSynchronizedRootGroup;
			path = sportsFluctTests;
			sourceTree = "<group>";
		};
		14F154D92E4C3FD700294A1E /* sportsFluctUITests */ = {
			isa = PBXFileSystemSynchronizedRootGroup;
			path = sportsFluctUITests;
			sourceTree = "<group>";
		};
/* End PBXFileSystemSynchronizedRootGroup section */

/* Begin PBXFrameworksBuildPhase section */
		14F154B32E4C3FD500294A1E /* Frameworks */ = {
			isa = PBXFrameworksBuildPhase;
			buildActionMask = 2147483647;
			files = (
			);
			runOnlyForDeploymentPostprocessing = 0;
		};
		14F154C92E4C3FD700294A1E /* Frameworks */ = {
			isa = PBXFrameworksBuildPhase;
			buildActionMask = 2147483647;
			files = (
			);
			runOnlyForDeploymentPostprocessing = 0;
		};
		14F154D32E4C3FD700294A1E /* Frameworks */ = {
			isa = PBXFrameworksBuildPhase;
			buildActionMask = 2147483647;
			files = (
			);
			runOnlyForDeploymentPostprocessing = 0;
		};
/* End PBXFrameworksBuildPhase section */

/* Begin PBXGroup section */
		14F154AD2E4C3FD500294A1E = {
			isa = PBXGroup;
			children = (
				14F154B82E4C3FD500294A1E /* sportsFluct */,
				14F154CF2E4C3FD700294A1E /* sportsFluctTests */,
				14F154D92E4C3FD700294A1E /* sportsFluctUITests */,
				14F154B72E4C3FD500294A1E /* Products */,
			);
			sourceTree = "<group>";
		};
		14F154B72E4C3FD500294A1E /* Products */ = {
			isa = PBXGroup;
			children = (
				14F154B62E4C3FD500294A1E /* sportsFluct.app */,
				14F154CC2E4C3FD700294A1E /* sportsFluctTests.xctest */,
				14F154D62E4C3FD700294A1E /* sportsFluctUITests.xctest */,
			);
			name = Products;
			sourceTree = "<group>";
		};
/* End PBXGroup section */

/* Begin PBXNativeTarget section */
		14F154B52E4C3FD500294A1E /* sportsFluct */ = {
			isa = PBXNativeTarget;
			buildConfigurationList = 14F154DF2E4C3FD700294A1E /* Build configuration list for PBXNativeTarget "sportsFluct" */;
			buildPhases = (
				14F154B22E4C3FD500294A1E /* Sources */,
				14F154B32E4C3FD500294A1E /* Frameworks */,
				14F154B42E4C3FD500294A1E /* Resources */,
			);
			buildRules = (
			);
			dependencies = (
			);
			fileSystemSynchronizedGroups = (
				14F154B82E4C3FD500294A1E /* sportsFluct */,
			);
			name = sportsFluct;
			packageProductDependencies = (
			);
			productName = sportsFluct;
			productReference = 14F154B62E4C3FD500294A1E /* sportsFluct.app */;
			productType = "com.apple.product-type.application";
		};
		14F154CB2E4C3FD700294A1E /* sportsFluctTests */ = {
			isa = PBXNativeTarget;
			buildConfigurationList = 14F154E42E4C3FD700294A1E /* Build configuration list for PBXNativeTarget "sportsFluctTests" */;
			buildPhases = (
				14F154C82E4C3FD700294A1E /* Sources */,
				14F154C92E4C3FD700294A1E /* Frameworks */,
				14F154CA2E4C3FD700294A1E /* Resources */,
			);
			buildRules = (
			);
			dependencies = (
				14F154CE2E4C3FD700294A1E /* PBXTargetDependency */,
			);
			fileSystemSynchronizedGroups = (
				14F154CF2E4C3FD700294A1E /* sportsFluctTests */,
			);
			name = sportsFluctTests;
			packageProductDependencies = (
			);
			productName = sportsFluctTests;
			productReference = 14F154CC2E4C3FD700294A1E /* sportsFluctTests.xctest */;
			productType = "com.apple.product-type.bundle.unit-test";
		};
		14F154D52E4C3FD700294A1E /* sportsFluctUITests */ = {
			isa = PBXNativeTarget;
			buildConfigurationList = 14F154E72E4C3FD700294A1E /* Build configuration list for PBXNativeTarget "sportsFluctUITests" */;
			buildPhases = (
				14F154D22E4C3FD700294A1E /* Sources */,
				14F154D32E4C3FD700294A1E /* Frameworks */,
				14F154D42E4C3FD700294A1E /* Resources */,
			);
			buildRules = (
			);
			dependencies = (
				14F154D82E4C3FD700294A1E /* PBXTargetDependency */,
			);
			fileSystemSynchronizedGroups = (
				14F154D92E4C3FD700294A1E /* sportsFluctUITests */,
			);
			name = sportsFluctUITests;
			packageProductDependencies = (
			);
			productName = sportsFluctUITests;
			productReference = 14F154D62E4C3FD700294A1E /* sportsFluctUITests.xctest */;
			productType = "com.apple.product-type.bundle.ui-testing";
		};
/* End PBXNativeTarget section */

/* Begin PBXProject section */
		14F154AE2E4C3FD500294A1E /* Project object */ = {
			isa = PBXProject;
			attributes = {
				BuildIndependentTargetsInParallel = 1;
				LastSwiftUpdateCheck = 1620;
				LastUpgradeCheck = 1620;
				TargetAttributes = {
					14F154B52E4C3FD500294A1E = {
						CreatedOnToolsVersion = 16.2;
					};
					14F154CB2E4C3FD700294A1E = {
						CreatedOnToolsVersion = 16.2;
						TestTargetID = 14F154B52E4C3FD500294A1E;
					};
					14F154D52E4C3FD700294A1E = {
						CreatedOnToolsVersion = 16.2;
						TestTargetID = 14F154B52E4C3FD500294A1E;
					};
				};
			};
			buildConfigurationList = 14F154B12E4C3FD500294A1E /* Build configuration list for PBXProject "sportsFluct" */;
			developmentRegion = en;
			hasScannedForEncodings = 0;
			knownRegions = (
				en,
				Base,
			);
			mainGroup = 14F154AD2E4C3FD500294A1E;
			minimizedProjectReferenceProxies = 1;
			preferredProjectObjectVersion = 77;
			productRefGroup = 14F154B72E4C3FD500294A1E /* Products */;
			projectDirPath = "";
			projectRoot = "";
			targets = (
				14F154B52E4C3FD500294A1E /* sportsFluct */,
				14F154CB2E4C3FD700294A1E /* sportsFluctTests */,
				14F154D52E4C3FD700294A1E /* sportsFluctUITests */,
			);
		};
/* End PBXProject section */

/* Begin PBXResourcesBuildPhase section */
		14F154B42E4C3FD500294A1E /* Resources */ = {
			isa = PBXResourcesBuildPhase;
			buildActionMask = 2147483647;
			files = (
			);
			runOnlyForDeploymentPostprocessing = 0;
		};
		14F154CA2E4C3FD700294A1E /* Resources */ = {
			isa = PBXResourcesBuildPhase;
			buildActionMask = 2147483647;
			files = (
			);
			runOnlyForDeploymentPostprocessing = 0;
		};
		14F154D42E4C3FD700294A1E /* Resources */ = {
			isa = PBXResourcesBuildPhase;
			buildActionMask = 2147483647;
			files = (
			);
			runOnlyForDeploymentPostprocessing = 0;
		};
/* End PBXResourcesBuildPhase section */

/* Begin PBXSourcesBuildPhase section */
		14F154B22E4C3FD500294A1E /* Sources */ = {
			isa = PBXSourcesBuildPhase;
			buildActionMask = 2147483647;
			files = (
			);
			runOnlyForDeploymentPostprocessing = 0;
		};
		14F154C82E4C3FD700294A1E /* Sources */ = {
			isa = PBXSourcesBuildPhase;
			buildActionMask = 2147483647;
			files = (
			);
			runOnlyForDeploymentPostprocessing = 0;
		};
		14F154D22E4C3FD700294A1E /* Sources */ = {
			isa = PBXSourcesBuildPhase;
			buildActionMask = 2147483647;
			files = (
			);
			runOnlyForDeploymentPostprocessing = 0;
		};
/* End PBXSourcesBuildPhase section */

/* Begin PBXTargetDependency section */
		14F154CE2E4C3FD700294A1E /* PBXTargetDependency */ = {
			isa = PBXTargetDependency;
			target = 14F154B52E4C3FD500294A1E /* sportsFluct */;
			targetProxy = 14F154CD2E4C3FD700294A1E /* PBXContainerItemProxy */;
		};
		14F154D82E4C3FD700294A1E /* PBXTargetDependency */ = {
			isa = PBXTargetDependency;
			target = 14F154B52E4C3FD500294A1E /* sportsFluct */;
			targetProxy = 14F154D72E4C3FD700294A1E /* PBXContainerItemProxy */;
		};
/* End PBXTargetDependency section */

/* Begin XCBuildConfiguration section */
		14F154E02E4C3FD700294A1E /* Debug */ = {
			isa = XCBuildConfiguration;
			buildSettings = {
				ASSETCATALOG_COMPILER_APPICON_NAME = AppIcon;
				ASSETCATALOG_COMPILER_GLOBAL_ACCENT_COLOR_NAME = AccentColor;
				CODE_SIGN_STYLE = Automatic;
				CURRENT_PROJECT_VERSION = 1;
				GENERATE_INFOPLIST_FILE = YES;
				INFOPLIST_FILE = sportsFluct/Info.plist;
				INFOPLIST_KEY_UIApplicationSupportsIndirectInputEvents = YES;
				INFOPLIST_KEY_UILaunchStoryboardName = LaunchScreen;
				INFOPLIST_KEY_UIMainStoryboardFile = Main;
				INFOPLIST_KEY_UISupportedInterfaceOrientations_iPad = "UIInterfaceOrientationPortrait UIInterfaceOrientationPortraitUpsideDown UIInterfaceOrientationLandscapeLeft UIInterfaceOrientationLandscapeRight";
				INFOPLIST_KEY_UISupportedInterfaceOrientations_iPhone = "UIInterfaceOrientationPortrait UIInterfaceOrientationLandscapeLeft UIInterfaceOrientationLandscapeRight";
				LD_RUNPATH_SEARCH_PATHS = (
					"$(inherited)",
					"@executable_path/Frameworks",
				);
				MARKETING_VERSION = 1.0;
				PRODUCT_BUNDLE_IDENTIFIER = utd.sportsFluct;
				PRODUCT_NAME = "$(TARGET_NAME)";
				SWIFT_EMIT_LOC_STRINGS = YES;
				SWIFT_VERSION = 5.0;
				TARGETED_DEVICE_FAMILY = "1,2";
			};
			name = Debug;
		};
		14F154E12E4C3FD700294A1E /* Release */ = {
			isa = XCBuildConfiguration;
			buildSettings = {
				ASSETCATALOG_COMPILER_APPICON_NAME = AppIcon;
				ASSETCATALOG_COMPILER_GLOBAL_ACCENT_COLOR_NAME = AccentColor;
				CODE_SIGN_STYLE = Automatic;
				CURRENT_PROJECT_VERSION = 1;
				GENERATE_INFOPLIST_FILE = YES;
				INFOPLIST_FILE = sportsFluct/Info.plist;
				INFOPLIST_KEY_UIApplicationSupportsIndirectInputEvents = YES;
				INFOPLIST_KEY_UILaunchStoryboardName = LaunchScreen;
				INFOPLIST_KEY_UIMainStoryboardFile = Main;
				INFOPLIST_KEY_UISupportedInterfaceOrientations_iPad = "UIInterfaceOrientationPortrait UIInterfaceOrientationPortraitUpsideDown UIInterfaceOrientationLandscapeLeft UIInterfaceOrientationLandscapeRight";
				INFOPLIST_KEY_UISupportedInterfaceOrientations_iPhone = "UIInterfaceOrientationPortrait UIInterfaceOrientationLandscapeLeft UIInterfaceOrientationLandscapeRight";
				LD_RUNPATH_SEARCH_PATHS = (
					"$(inherited)",
					"@executable_path/Frameworks",
				);
				MARKETING_VERSION = 1.0;
				PRODUCT_BUNDLE_IDENTIFIER = utd.sportsFluct;
				PRODUCT_NAME = "$(TARGET_NAME)";
				SWIFT_EMIT_LOC_STRINGS = YES;
				SWIFT_VERSION = 5.0;
				TARGETED_DEVICE_FAMILY = "1,2";
			};
			name = Release;
		};
		14F154E22E4C3FD700294A1E /* Debug */ = {
			isa = XCBuildConfiguration;
			buildSettings = {
				ALWAYS_SEARCH_USER_PATHS = NO;
				ASSETCATALOG_COMPILER_GENERATE_SWIFT_ASSET_SYMBOL_EXTENSIONS = YES;
				CLANG_ANALYZER_NONNULL = YES;
				CLANG_ANALYZER_NUMBER_OBJECT_CONVERSION = YES_AGGRESSIVE;
				CLANG_CXX_LANGUAGE_STANDARD = "gnu++20";
				CLANG_ENABLE_MODULES = YES;
				CLANG_ENABLE_OBJC_ARC = YES;
				CLANG_ENABLE_OBJC_WEAK = YES;
				CLANG_WARN_BLOCK_CAPTURE_AUTORELEASING = YES;
				CLANG_WARN_BOOL_CONVERSION = YES;
				CLANG_WARN_COMMA = YES;
				CLANG_WARN_CONSTANT_CONVERSION = YES;
				CLANG_WARN_DEPRECATED_OBJC_IMPLEMENTATIONS = YES;
				CLANG_WARN_DIRECT_OBJC_ISA_USAGE = YES_ERROR;
				CLANG_WARN_DOCUMENTATION_COMMENTS = YES;
				CLANG_WARN_EMPTY_BODY = YES;
				CLANG_WARN_ENUM_CONVERSION = YES;
				CLANG_WARN_INFINITE_RECURSION = YES;
				CLANG_WARN_INT_CONVERSION = YES;
				CLANG_WARN_NON_LITERAL_NULL_CONVERSION = YES;
				CLANG_WARN_OBJC_IMPLICIT_RETAIN_SELF = YES;
				CLANG_WARN_OBJC_LITERAL_CONVERSION = YES;
				CLANG_WARN_OBJC_ROOT_CLASS = YES_ERROR;
				CLANG_WARN_QUOTED_INCLUDE_IN_FRAMEWORK_HEADER = YES;
				CLANG_WARN_RANGE_LOOP_ANALYSIS = YES;
				CLANG_WARN_STRICT_PROTOTYPES = YES;
				CLANG_WARN_SUSPICIOUS_MOVE = YES;
				CLANG_WARN_UNGUARDED_AVAILABILITY = YES_AGGRESSIVE;
				CLANG_WARN_UNREACHABLE_CODE = YES;
				CLANG_WARN__DUPLICATE_METHOD_MATCH = YES;
				COPY_PHASE_STRIP = NO;
				DEBUG_INFORMATION_FORMAT = dwarf;
				ENABLE_STRICT_OBJC_MSGSEND = YES;
				ENABLE_TESTABILITY = YES;
				ENABLE_USER_SCRIPT_SANDBOXING = YES;
				GCC_C_LANGUAGE_STANDARD = gnu17;
				GCC_DYNAMIC_NO_PIC = NO;
				GCC_NO_COMMON_BLOCKS = YES;
				GCC_OPTIMIZATION_LEVEL = 0;
				GCC_PREPROCESSOR_DEFINITIONS = (
					"DEBUG=1",
					"$(inherited)",
				);
				GCC_WARN_64_TO_32_BIT_CONVERSION = YES;
				GCC_WARN_ABOUT_RETURN_TYPE = YES_ERROR;
				GCC_WARN_UNDECLARED_SELECTOR = YES;
				GCC_WARN_UNINITIALIZED_AUTOS = YES_AGGRESSIVE;
				GCC_WARN_UNUSED_FUNCTION = YES;
				GCC_WARN_UNUSED_VARIABLE = YES;
				IPHONEOS_DEPLOYMENT_TARGET = 18.2;
				LOCALIZATION_PREFERS_STRING_CATALOGS = YES;
				MTL_ENABLE_DEBUG_INFO = INCLUDE_SOURCE;
				MTL_FAST_MATH = YES;
				ONLY_ACTIVE_ARCH = YES;
				SDKROOT = iphoneos;
				SWIFT_ACTIVE_COMPILATION_CONDITIONS = "DEBUG $(inherited)";
				SWIFT_OPTIMIZATION_LEVEL = "-Onone";
			};
			name = Debug;
		};
		14F154E32E4C3FD700294A1E /* Release */ = {
			isa = XCBuildConfiguration;
			buildSettings = {
				ALWAYS_SEARCH_USER_PATHS = NO;
				ASSETCATALOG_COMPILER_GENERATE_SWIFT_ASSET_SYMBOL_EXTENSIONS = YES;
				CLANG_ANALYZER_NONNULL = YES;
				CLANG_ANALYZER_NUMBER_OBJECT_CONVERSION = YES_AGGRESSIVE;
				CLANG_CXX_LANGUAGE_STANDARD = "gnu++20";
				CLANG_ENABLE_MODULES = YES;
				CLANG_ENABLE_OBJC_ARC = YES;
				CLANG_ENABLE_OBJC_WEAK = YES;
				CLANG_WARN_BLOCK_CAPTURE_AUTORELEASING = YES;
				CLANG_WARN_BOOL_CONVERSION = YES;
				CLANG_WARN_COMMA = YES;
				CLANG_WARN_CONSTANT_CONVERSION = YES;
				CLANG_WARN_DEPRECATED_OBJC_IMPLEMENTATIONS = YES;
				CLANG_WARN_DIRECT_OBJC_ISA_USAGE = YES_ERROR;
				CLANG_WARN_DOCUMENTATION_COMMENTS = YES;
				CLANG_WARN_EMPTY_BODY = YES;
				CLANG_WARN_ENUM_CONVERSION = YES;
				CLANG_WARN_INFINITE_RECURSION = YES;
				CLANG_WARN_INT_CONVERSION = YES;
				CLANG_WARN_NON_LITERAL_NULL_CONVERSION = YES;
				CLANG_WARN_OBJC_IMPLICIT_RETAIN_SELF = YES;
				CLANG_WARN_OBJC_LITERAL_CONVERSION = YES;
				CLANG_WARN_OBJC_ROOT_CLASS = YES_ERROR;
				CLANG_WARN_QUOTED_INCLUDE_IN_FRAMEWORK_HEADER = YES;
				CLANG_WARN_RANGE_LOOP_ANALYSIS = YES;
				CLANG_WARN_STRICT_PROTOTYPES = YES;
				CLANG_WARN_SUSPICIOUS_MOVE = YES;
				CLANG_WARN_UNGUARDED_AVAILABILITY = YES_AGGRESSIVE;
				CLANG_WARN_UNREACHABLE_CODE = YES;
				CLANG_WARN__DUPLICATE_METHOD_MATCH = YES;
				COPY_PHASE_STRIP = NO;
				DEBUG_INFORMATION_FORMAT = "dwarf-with-dsym";
				ENABLE_NS_ASSERTIONS = NO;
				ENABLE_STRICT_OBJC_MSGSEND = YES;
				ENABLE_USER_SCRIPT_SANDBOXING = YES;
				GCC_C_LANGUAGE_STANDARD = gnu17;
				GCC_NO_COMMON_BLOCKS = YES;
				GCC_WARN_64_TO_32_BIT_CONVERSION = YES;
				GCC_WARN_ABOUT_RETURN_TYPE = YES_ERROR;
				GCC_WARN_UNDECLARED_SELECTOR = YES;
				GCC_WARN_UNINITIALIZED_AUTOS = YES_AGGRESSIVE;
				GCC_WARN_UNUSED_FUNCTION = YES;
				GCC_WARN_UNUSED_VARIABLE = YES;
				IPHONEOS_DEPLOYMENT_TARGET = 18.2;
				LOCALIZATION_PREFERS_STRING_CATALOGS = YES;
				MTL_ENABLE_DEBUG_INFO = NO;
				MTL_FAST_MATH = YES;
				SDKROOT = iphoneos;
				SWIFT_COMPILATION_MODE = wholemodule;
				VALIDATE_PRODUCT = YES;
			};
			name = Release;
		};
		14F154E52E4C3FD700294A1E /* Debug */ = {
			isa = XCBuildConfiguration;
			buildSettings = {
				BUNDLE_LOADER = "$(TEST_HOST)";
				CODE_SIGN_STYLE = Automatic;
				CURRENT_PROJECT_VERSION = 1;
				GENERATE_INFOPLIST_FILE = YES;
				IPHONEOS_DEPLOYMENT_TARGET = 18.2;
				MARKETING_VERSION = 1.0;
				PRODUCT_BUNDLE_IDENTIFIER = utd.sportsFluctTests;
				PRODUCT_NAME = "$(TARGET_NAME)";
				SWIFT_EMIT_LOC_STRINGS = NO;
				SWIFT_VERSION = 5.0;
				TARGETED_DEVICE_FAMILY = "1,2";
				TEST_HOST = "$(BUILT_PRODUCTS_DIR)/sportsFluct.app/$(BUNDLE_EXECUTABLE_FOLDER_PATH)/sportsFluct";
			};
			name = Debug;
		};
		14F154E62E4C3FD700294A1E /* Release */ = {
			isa = XCBuildConfiguration;
			buildSettings = {
				BUNDLE_LOADER = "$(TEST_HOST)";
				CODE_SIGN_STYLE = Automatic;
				CURRENT_PROJECT_VERSION = 1;
				GENERATE_INFOPLIST_FILE = YES;
				IPHONEOS_DEPLOYMENT_TARGET = 18.2;
				MARKETING_VERSION = 1.0;
				PRODUCT_BUNDLE_IDENTIFIER = utd.sportsFluctTests;
				PRODUCT_NAME = "$(TARGET_NAME)";
				SWIFT_EMIT_LOC_STRINGS = NO;
				SWIFT_VERSION = 5.0;
				TARGETED_DEVICE_FAMILY = "1,2";
				TEST_HOST = "$(BUILT_PRODUCTS_DIR)/sportsFluct.app/$(BUNDLE_EXECUTABLE_FOLDER_PATH)/sportsFluct";
			};
			name = Release;
		};
		14F154E82E4C3FD700294A1E /* Debug */ = {
			isa = XCBuildConfiguration;
			buildSettings = {
				CODE_SIGN_STYLE = Automatic;
				CURRENT_PROJECT_VERSION = 1;
				GENERATE_INFOPLIST_FILE = YES;
				MARKETING_VERSION = 1.0;
				PRODUCT_BUNDLE_IDENTIFIER = utd.sportsFluctUITests;
				PRODUCT_NAME = "$(TARGET_NAME)";
				SWIFT_EMIT_LOC_STRINGS = NO;
				SWIFT_VERSION = 5.0;
				TARGETED_DEVICE_FAMILY = "1,2";
				TEST_TARGET_NAME = sportsFluct;
			};
			name = Debug;
		};
		14F154E92E4C3FD700294A1E /* Release */ = {
			isa = XCBuildConfiguration;
			buildSettings = {
				CODE_SIGN_STYLE = Automatic;
				CURRENT_PROJECT_VERSION = 1;
				GENERATE_INFOPLIST_FILE = YES;
				MARKETING_VERSION = 1.0;
				PRODUCT_BUNDLE_IDENTIFIER = utd.sportsFluctUITests;
				PRODUCT_NAME = "$(TARGET_NAME)";
				SWIFT_EMIT_LOC_STRINGS = NO;
				SWIFT_VERSION = 5.0;
				TARGETED_DEVICE_FAMILY = "1,2";
				TEST_TARGET_NAME = sportsFluct;
			};
			name = Release;
		};
/* End XCBuildConfiguration section */

/* Begin XCConfigurationList section */
		14F154B12E4C3FD500294A1E /* Build configuration list for PBXProject "sportsFluct" */ = {
			isa = XCConfigurationList;
			buildConfigurations = (
				14F154E22E4C3FD700294A1E /* Debug */,
				14F154E32E4C3FD700294A1E /* Release */,
			);
			defaultConfigurationIsVisible = 0;
			defaultConfigurationName = Release;
		};
		14F154DF2E4C3FD700294A1E /* Build configuration list for PBXNativeTarget "sportsFluct" */ = {
			isa = XCConfigurationList;
			buildConfigurations = (
				14F154E02E4C3FD700294A1E /* Debug */,
				14F154E12E4C3FD700294A1E /* Release */,
			);
			defaultConfigurationIsVisible = 0;
			defaultConfigurationName = Release;
		};
		14F154E42E4C3FD700294A1E /* Build configuration list for PBXNativeTarget "sportsFluctTests" */ = {
			isa = XCConfigurationList;
			buildConfigurations = (
				14F154E52E4C3FD700294A1E /* Debug */,
				14F154E62E4C3FD700294A1E /* Release */,
			);
			defaultConfigurationIsVisible = 0;
			defaultConfigurationName = Release;
		};
		14F154E72E4C3FD700294A1E /* Build configuration list for PBXNativeTarget "sportsFluctUITests" */ = {
			isa = XCConfigurationList;
			buildConfigurations = (
				14F154E82E4C3FD700294A1E /* Debug */,
				14F154E92E4C3FD700294A1E /* Release */,
			);
			defaultConfigurationIsVisible = 0;
			defaultConfigurationName = Release;
		};
/* End XCConfigurationList section */
	};
	rootObject = 14F154AE2E4C3FD500294A1E /* Project object */;
}
